
Microsoft Visual Studio Solution File, Format Version 12.00
# Visual Studio Version 17
VisualStudioVersion = 17.12.35514.174
MinimumVisualStudioVersion = 10.0.40219.1
Project("{FAE04EC0-301F-11D3-BF4B-00C04F79EFBC}") = "FruitsProduction", "FruitsProduction.csproj", "{7EB43A1B-D1C4-4A32-9F6A-C9E02B385706}"
EndProject
Project("{FAE04EC0-301F-11D3-BF4B-00C04F79EFBC}") = "StorageAllocation", "StorageAllocation\StorageAllocation.csproj", "{AD8BDC00-FF67-4BF4-8D39-E530231AF5C5}"
EndProject
Project("{FAE04EC0-301F-11D3-BF4B-00C04F79EFBC}") = "QualityInspection", "C:\Users\Aleksandar\Downloads\QualityInspection\QualityInspection.csproj", "{3A7FFA87-37B6-4673-B173-3AF792FC1D5D}"
EndProject
Project("{FAE04EC0-301F-11D3-BF4B-00C04F79EFBC}") = "Order", "C:\Users\Aleksandar\Downloads\Order\Order.csproj", "{03DD00E0-E5F2-45A9-8210-B71349718E0A}"
EndProject
Project("{FAE04EC0-301F-11D3-BF4B-00C04F79EFBC}") = "InvoicingPayment", "C:\Users\Aleksandar\Downloads\InvoicingPayment\InvoicingPayment.csproj", "{C7500582-26BB-4D35-B41D-E2CBDB1805C5}"
EndProject
Project("{FAE04EC0-301F-11D3-BF4B-00C04F79EFBC}") = "InventoryIntelligence", "C:\Users\Aleksandar\Downloads\InventoryIntelligence\InventoryIntelligence.csproj", "{431755EF-DF00-47DF-94A0-D4D6CE8DF8D5}"
EndProject
Project("{FAE04EC0-301F-11D3-BF4B-00C04F79EFBC}") = "OrderFulfillment", "C:\Users\Aleksandar\Downloads\OrderFulfillment\OrderFulfillment.csproj", "{DBBA6932-7D69-4AD1-9BF0-D28E9CF62643}"
EndProject
Project("{FAE04EC0-301F-11D3-BF4B-00C04F79EFBC}") = "TransportationTracking", "C:\Users\Aleksandar\Downloads\TransportationTracking\TransportationTracking.csproj", "{EE5A7A61-F441-4471-84B7-3295CEE8F514}"
EndProject
Project("{FAE04EC0-301F-11D3-BF4B-00C04F79EFBC}") = "WebApplication1", "WebApplication9\WebApplication1.csproj", "{EA27370D-B3D2-4D7F-8CEC-576ED6A4F543}"
EndProject
Project("{FAE04EC0-301F-11D3-BF4B-00C04F79EFBC}") = "WebApplication2", "WebApplication2\WebApplication2.csproj", "{AF2C6016-C36B-433C-A90D-6BF2D5E8D5EF}"
EndProject
Project("{FAE04EC0-301F-11D3-BF4B-00C04F79EFBC}") = "WebApplication3", "WebApplication3\WebApplication3.csproj", "{02AF9260-8C2C-4E28-9ABD-8D8A33B679D4}"
EndProject
Project("{FAE04EC0-301F-11D3-BF4B-00C04F79EFBC}") = "WebApplication4", "WebApplication4\WebApplication4.csproj", "{42D0193B-63C5-4C65-8BA8-032E8BB4E0A7}"
EndProject
Project("{FAE04EC0-301F-11D3-BF4B-00C04F79EFBC}") = "WebApplication5", "WebApplication5\WebApplication5.csproj", "{F52CBC4F-597D-478B-9511-158A19F13010}"
EndProject
Project("{FAE04EC0-301F-11D3-BF4B-00C04F79EFBC}") = "WebApplication6", "WebApplication6\WebApplication6.csproj", "{31116281-3E2A-4E31-8F91-DF23F90444D6}"
EndProject
Project("{FAE04EC0-301F-11D3-BF4B-00C04F79EFBC}") = "WebApplication7", "WebApplication7\WebApplication7.csproj", "{FFD9D975-981B-4619-A067-4F2CB5EF64ED}"
EndProject
Project("{FAE04EC0-301F-11D3-BF4B-00C04F79EFBC}") = "WebApplication8", "WebApplication8\WebApplication8.csproj", "{C3611E65-66AE-43F5-ABC7-C72570DA0770}"
EndProject
Global
	GlobalSection(SolutionConfigurationPlatforms) = preSolution
		Debug|Any CPU = Debug|Any CPU
		Release|Any CPU = Release|Any CPU
	EndGlobalSection
	GlobalSection(ProjectConfigurationPlatforms) = postSolution
		{7EB43A1B-D1C4-4A32-9F6A-C9E02B385706}.Debug|Any CPU.ActiveCfg = Debug|Any CPU
		{7EB43A1B-D1C4-4A32-9F6A-C9E02B385706}.Debug|Any CPU.Build.0 = Debug|Any CPU
		{7EB43A1B-D1C4-4A32-9F6A-C9E02B385706}.Release|Any CPU.ActiveCfg = Release|Any CPU
		{7EB43A1B-D1C4-4A32-9F6A-C9E02B385706}.Release|Any CPU.Build.0 = Release|Any CPU
		{AD8BDC00-FF67-4BF4-8D39-E530231AF5C5}.Debug|Any CPU.ActiveCfg = Debug|Any CPU
		{AD8BDC00-FF67-4BF4-8D39-E530231AF5C5}.Debug|Any CPU.Build.0 = Debug|Any CPU
		{AD8BDC00-FF67-4BF4-8D39-E530231AF5C5}.Release|Any CPU.ActiveCfg = Release|Any CPU
		{AD8BDC00-FF67-4BF4-8D39-E530231AF5C5}.Release|Any CPU.Build.0 = Release|Any CPU
		{3A7FFA87-37B6-4673-B173-3AF792FC1D5D}.Debug|Any CPU.ActiveCfg = Debug|Any CPU
		{3A7FFA87-37B6-4673-B173-3AF792FC1D5D}.Debug|Any CPU.Build.0 = Debug|Any CPU
		{3A7FFA87-37B6-4673-B173-3AF792FC1D5D}.Release|Any CPU.ActiveCfg = Release|Any CPU
		{3A7FFA87-37B6-4673-B173-3AF792FC1D5D}.Release|Any CPU.Build.0 = Release|Any CPU
		{03DD00E0-E5F2-45A9-8210-B71349718E0A}.Debug|Any CPU.ActiveCfg = Debug|Any CPU
		{03DD00E0-E5F2-45A9-8210-B71349718E0A}.Debug|Any CPU.Build.0 = Debug|Any CPU
		{03DD00E0-E5F2-45A9-8210-B71349718E0A}.Release|Any CPU.ActiveCfg = Release|Any CPU
		{03DD00E0-E5F2-45A9-8210-B71349718E0A}.Release|Any CPU.Build.0 = Release|Any CPU
		{C7500582-26BB-4D35-B41D-E2CBDB1805C5}.Debug|Any CPU.ActiveCfg = Debug|Any CPU
		{C7500582-26BB-4D35-B41D-E2CBDB1805C5}.Debug|Any CPU.Build.0 = Debug|Any CPU
		{C7500582-26BB-4D35-B41D-E2CBDB1805C5}.Release|Any CPU.ActiveCfg = Release|Any CPU
		{C7500582-26BB-4D35-B41D-E2CBDB1805C5}.Release|Any CPU.Build.0 = Release|Any CPU
		{431755EF-DF00-47DF-94A0-D4D6CE8DF8D5}.Debug|Any CPU.ActiveCfg = Debug|Any CPU
		{431755EF-DF00-47DF-94A0-D4D6CE8DF8D5}.Debug|Any CPU.Build.0 = Debug|Any CPU
		{431755EF-DF00-47DF-94A0-D4D6CE8DF8D5}.Release|Any CPU.ActiveCfg = Release|Any CPU
		{431755EF-DF00-47DF-94A0-D4D6CE8DF8D5}.Release|Any CPU.Build.0 = Release|Any CPU
		{DBBA6932-7D69-4AD1-9BF0-D28E9CF62643}.Debug|Any CPU.ActiveCfg = Debug|Any CPU
		{DBBA6932-7D69-4AD1-9BF0-D28E9CF62643}.Debug|Any CPU.Build.0 = Debug|Any CPU
		{DBBA6932-7D69-4AD1-9BF0-D28E9CF62643}.Release|Any CPU.ActiveCfg = Release|Any CPU
		{DBBA6932-7D69-4AD1-9BF0-D28E9CF62643}.Release|Any CPU.Build.0 = Release|Any CPU
		{EE5A7A61-F441-4471-84B7-3295CEE8F514}.Debug|Any CPU.ActiveCfg = Debug|Any CPU
		{EE5A7A61-F441-4471-84B7-3295CEE8F514}.Debug|Any CPU.Build.0 = Debug|Any CPU
		{EE5A7A61-F441-4471-84B7-3295CEE8F514}.Release|Any CPU.ActiveCfg = Release|Any CPU
		{EE5A7A61-F441-4471-84B7-3295CEE8F514}.Release|Any CPU.Build.0 = Release|Any CPU
		{EA27370D-B3D2-4D7F-8CEC-576ED6A4F543}.Debug|Any CPU.ActiveCfg = Debug|Any CPU
		{EA27370D-B3D2-4D7F-8CEC-576ED6A4F543}.Debug|Any CPU.Build.0 = Debug|Any CPU
		{EA27370D-B3D2-4D7F-8CEC-576ED6A4F543}.Release|Any CPU.ActiveCfg = Release|Any CPU
		{EA27370D-B3D2-4D7F-8CEC-576ED6A4F543}.Release|Any CPU.Build.0 = Release|Any CPU
		{AF2C6016-C36B-433C-A90D-6BF2D5E8D5EF}.Debug|Any CPU.ActiveCfg = Debug|Any CPU
		{AF2C6016-C36B-433C-A90D-6BF2D5E8D5EF}.Debug|Any CPU.Build.0 = Debug|Any CPU
		{AF2C6016-C36B-433C-A90D-6BF2D5E8D5EF}.Release|Any CPU.ActiveCfg = Release|Any CPU
		{AF2C6016-C36B-433C-A90D-6BF2D5E8D5EF}.Release|Any CPU.Build.0 = Release|Any CPU
		{02AF9260-8C2C-4E28-9ABD-8D8A33B679D4}.Debug|Any CPU.ActiveCfg = Debug|Any CPU
		{02AF9260-8C2C-4E28-9ABD-8D8A33B679D4}.Debug|Any CPU.Build.0 = Debug|Any CPU
		{02AF9260-8C2C-4E28-9ABD-8D8A33B679D4}.Release|Any CPU.ActiveCfg = Release|Any CPU
		{02AF9260-8C2C-4E28-9ABD-8D8A33B679D4}.Release|Any CPU.Build.0 = Release|Any CPU
		{42D0193B-63C5-4C65-8BA8-032E8BB4E0A7}.Debug|Any CPU.ActiveCfg = Debug|Any CPU
		{42D0193B-63C5-4C65-8BA8-032E8BB4E0A7}.Debug|Any CPU.Build.0 = Debug|Any CPU
		{42D0193B-63C5-4C65-8BA8-032E8BB4E0A7}.Release|Any CPU.ActiveCfg = Release|Any CPU
		{42D0193B-63C5-4C65-8BA8-032E8BB4E0A7}.Release|Any CPU.Build.0 = Release|Any CPU
		{F52CBC4F-597D-478B-9511-158A19F13010}.Debug|Any CPU.ActiveCfg = Debug|Any CPU
		{F52CBC4F-597D-478B-9511-158A19F13010}.Debug|Any CPU.Build.0 = Debug|Any CPU
		{F52CBC4F-597D-478B-9511-158A19F13010}.Release|Any CPU.ActiveCfg = Release|Any CPU
		{F52CBC4F-597D-478B-9511-158A19F13010}.Release|Any CPU.Build.0 = Release|Any CPU
		{31116281-3E2A-4E31-8F91-DF23F90444D6}.Debug|Any CPU.ActiveCfg = Debug|Any CPU
		{31116281-3E2A-4E31-8F91-DF23F90444D6}.Debug|Any CPU.Build.0 = Debug|Any CPU
		{31116281-3E2A-4E31-8F91-DF23F90444D6}.Release|Any CPU.ActiveCfg = Release|Any CPU
		{31116281-3E2A-4E31-8F91-DF23F90444D6}.Release|Any CPU.Build.0 = Release|Any CPU
		{FFD9D975-981B-4619-A067-4F2CB5EF64ED}.Debug|Any CPU.ActiveCfg = Debug|Any CPU
		{FFD9D975-981B-4619-A067-4F2CB5EF64ED}.Debug|Any CPU.Build.0 = Debug|Any CPU
		{FFD9D975-981B-4619-A067-4F2CB5EF64ED}.Release|Any CPU.ActiveCfg = Release|Any CPU
		{FFD9D975-981B-4619-A067-4F2CB5EF64ED}.Release|Any CPU.Build.0 = Release|Any CPU
		{C3611E65-66AE-43F5-ABC7-C72570DA0770}.Debug|Any CPU.ActiveCfg = Debug|Any CPU
		{C3611E65-66AE-43F5-ABC7-C72570DA0770}.Debug|Any CPU.Build.0 = Debug|Any CPU
		{C3611E65-66AE-43F5-ABC7-C72570DA0770}.Release|Any CPU.ActiveCfg = Release|Any CPU
		{C3611E65-66AE-43F5-ABC7-C72570DA0770}.Release|Any CPU.Build.0 = Release|Any CPU
	EndGlobalSection
	GlobalSection(SolutionProperties) = preSolution
		HideSolutionNode = FALSE
	EndGlobalSection
EndGlobal
